
Microsoft Visual Studio Solution File, Format Version 12.00
# Visual Studio 15
VisualStudioVersion = 15.0.28307.168
MinimumVisualStudioVersion = 10.0.40219.1
Project("{FAE04EC0-301F-11D3-BF4B-00C04F79EFBC}") = "TurnserverTest", "TurnserverTest\TurnserverTest.csproj", "{F243083D-D029-4CAA-BEF3-2F7E5BEAE0A0}"
EndProject
Project("{FAE04EC0-301F-11D3-BF4B-00C04F79EFBC}") = "TurnCtrl", "..\..\..\..\..\repos\asokupe\TurnCtrl\TurnCtrl.csproj", "{B26ECB75-6FB0-4D6A-9C79-A578B8B79559}"
EndProject
Global
	GlobalSection(SolutionConfigurationPlatforms) = preSolution
		Debug|Any CPU = Debug|Any CPU
		Release|Any CPU = Release|Any CPU
	EndGlobalSection
	GlobalSection(ProjectConfigurationPlatforms) = postSolution
		{F243083D-D029-4CAA-BEF3-2F7E5BEAE0A0}.Debug|Any CPU.ActiveCfg = Debug|Any CPU
		{F243083D-D029-4CAA-BEF3-2F7E5BEAE0A0}.Debug|Any CPU.Build.0 = Debug|Any CPU
		{F243083D-D029-4CAA-BEF3-2F7E5BEAE0A0}.Release|Any CPU.ActiveCfg = Release|Any CPU
		{F243083D-D029-4CAA-BEF3-2F7E5BEAE0A0}.Release|Any CPU.Build.0 = Release|Any CPU
		{B26ECB75-6FB0-4D6A-9C79-A578B8B79559}.Debug|Any CPU.ActiveCfg = Debug|Any CPU
		{B26ECB75-6FB0-4D6A-9C79-A578B8B79559}.Debug|Any CPU.Build.0 = Debug|Any CPU
		{B26ECB75-6FB0-4D6A-9C79-A578B8B79559}.Release|Any CPU.ActiveCfg = Release|Any CPU
		{B26ECB75-6FB0-4D6A-9C79-A578B8B79559}.Release|Any CPU.Build.0 = Release|Any CPU
	EndGlobalSection
	GlobalSection(SolutionProperties) = preSolution
		HideSolutionNode = FALSE
	EndGlobalSection
	GlobalSection(ExtensibilityGlobals) = postSolution
		SolutionGuid = {23DBE07C-2831-4EB9-A0A8-B6B1EB6B46BB}
	EndGlobalSection
EndGlobal
